// !$*UTF8*$!
{
	archiveVersion = 1;
	classes = {
	};
	objectVersion = 46;
	objects = {

/* Begin PBXBuildFile section */
		BEF3E55B1A74C642006F10F9 /* AppDelegate.swift in Sources */ = {isa = PBXBuildFile; fileRef = BEF3E55A1A74C642006F10F9 /* AppDelegate.swift */; };
		BEF3E55D1A74C642006F10F9 /* ViewController.swift in Sources */ = {isa = PBXBuildFile; fileRef = BEF3E55C1A74C642006F10F9 /* ViewController.swift */; };
		BEF3E5601A74C642006F10F9 /* Main.storyboard in Resources */ = {isa = PBXBuildFile; fileRef = BEF3E55E1A74C642006F10F9 /* Main.storyboard */; };
		BEF3E5621A74C642006F10F9 /* Images.xcassets in Resources */ = {isa = PBXBuildFile; fileRef = BEF3E5611A74C642006F10F9 /* Images.xcassets */; };
		BEF3E5651A74C642006F10F9 /* LaunchScreen.xib in Resources */ = {isa = PBXBuildFile; fileRef = BEF3E5631A74C642006F10F9 /* LaunchScreen.xib */; };
		BEF3E5711A74C643006F10F9 /* SceneKitExperimentTests.swift in Sources */ = {isa = PBXBuildFile; fileRef = BEF3E5701A74C643006F10F9 /* SceneKitExperimentTests.swift */; };
		BEF3E57B1A74C6D4006F10F9 /* SceneKit.framework in Frameworks */ = {isa = PBXBuildFile; fileRef = BEF3E57A1A74C6D4006F10F9 /* SceneKit.framework */; };
		BEF3E57D1A74CBE6006F10F9 /* sunny-landscape.jpg in Resources */ = {isa = PBXBuildFile; fileRef = BEF3E57C1A74CBE6006F10F9 /* sunny-landscape.jpg */; };
		BEF3E5801A74D233006F10F9 /* MaterialPreviewWidget.swift in Sources */ = {isa = PBXBuildFile; fileRef = BEF3E57F1A74D233006F10F9 /* MaterialPreviewWidget.swift */; };
		BEF3E5831A74D882006F10F9 /* SliderWidget.swift in Sources */ = {isa = PBXBuildFile; fileRef = BEF3E5821A74D882006F10F9 /* SliderWidget.swift */; };
		BEF3E5861A74DE28006F10F9 /* night-sky-stars.jpg in Resources */ = {isa = PBXBuildFile; fileRef = BEF3E5851A74DE28006F10F9 /* night-sky-stars.jpg */; };
		BEF3E5881A74DED2006F10F9 /* 70s-flower.jpg in Resources */ = {isa = PBXBuildFile; fileRef = BEF3E5871A74DED2006F10F9 /* 70s-flower.jpg */; };
		BEF3E58A1A74DF45006F10F9 /* metallic.jpg in Resources */ = {isa = PBXBuildFile; fileRef = BEF3E5891A74DF45006F10F9 /* metallic.jpg */; };
		BEF3E58C1A74E040006F10F9 /* SegmentedControlWidget.swift in Sources */ = {isa = PBXBuildFile; fileRef = BEF3E58B1A74E040006F10F9 /* SegmentedControlWidget.swift */; };
		BEF3E5921A750A31006F10F9 /* bumpMap.jpg in Resources */ = {isa = PBXBuildFile; fileRef = BEF3E5911A750A31006F10F9 /* bumpMap.jpg */; };
/* End PBXBuildFile section */

/* Begin PBXContainerItemProxy section */
		BEF3E56B1A74C643006F10F9 /* PBXContainerItemProxy */ = {
			isa = PBXContainerItemProxy;
			containerPortal = BEF3E54D1A74C642006F10F9 /* Project object */;
			proxyType = 1;
			remoteGlobalIDString = BEF3E5541A74C642006F10F9;
			remoteInfo = SceneKitExperiment;
		};
/* End PBXContainerItemProxy section */

/* Begin PBXFileReference section */
		BEF3E5551A74C642006F10F9 /* SceneKitExperiment.app */ = {isa = PBXFileReference; explicitFileType = wrapper.application; includeInIndex = 0; path = SceneKitExperiment.app; sourceTree = BUILT_PRODUCTS_DIR; };
		BEF3E5591A74C642006F10F9 /* Info.plist */ = {isa = PBXFileReference; lastKnownFileType = text.plist.xml; path = Info.plist; sourceTree = "<group>"; };
		BEF3E55A1A74C642006F10F9 /* AppDelegate.swift */ = {isa = PBXFileReference; lastKnownFileType = sourcecode.swift; path = AppDelegate.swift; sourceTree = "<group>"; };
		BEF3E55C1A74C642006F10F9 /* ViewController.swift */ = {isa = PBXFileReference; lastKnownFileType = sourcecode.swift; path = ViewController.swift; sourceTree = "<group>"; };
		BEF3E55F1A74C642006F10F9 /* Base */ = {isa = PBXFileReference; lastKnownFileType = file.storyboard; name = Base; path = Base.lproj/Main.storyboard; sourceTree = "<group>"; };
		BEF3E5611A74C642006F10F9 /* Images.xcassets */ = {isa = PBXFileReference; lastKnownFileType = folder.assetcatalog; path = Images.xcassets; sourceTree = "<group>"; };
		BEF3E5641A74C642006F10F9 /* Base */ = {isa = PBXFileReference; lastKnownFileType = file.xib; name = Base; path = Base.lproj/LaunchScreen.xib; sourceTree = "<group>"; };
		BEF3E56A1A74C643006F10F9 /* SceneKitExperimentTests.xctest */ = {isa = PBXFileReference; explicitFileType = wrapper.cfbundle; includeInIndex = 0; path = SceneKitExperimentTests.xctest; sourceTree = BUILT_PRODUCTS_DIR; };
		BEF3E56F1A74C643006F10F9 /* Info.plist */ = {isa = PBXFileReference; lastKnownFileType = text.plist.xml; path = Info.plist; sourceTree = "<group>"; };
		BEF3E5701A74C643006F10F9 /* SceneKitExperimentTests.swift */ = {isa = PBXFileReference; lastKnownFileType = sourcecode.swift; path = SceneKitExperimentTests.swift; sourceTree = "<group>"; };
		BEF3E57A1A74C6D4006F10F9 /* SceneKit.framework */ = {isa = PBXFileReference; lastKnownFileType = wrapper.framework; name = SceneKit.framework; path = System/Library/Frameworks/SceneKit.framework; sourceTree = SDKROOT; };
		BEF3E57C1A74CBE6006F10F9 /* sunny-landscape.jpg */ = {isa = PBXFileReference; lastKnownFileType = image.jpeg; path = "sunny-landscape.jpg"; sourceTree = "<group>"; };
		BEF3E57F1A74D233006F10F9 /* MaterialPreviewWidget.swift */ = {isa = PBXFileReference; fileEncoding = 4; lastKnownFileType = sourcecode.swift; path = MaterialPreviewWidget.swift; sourceTree = "<group>"; };
		BEF3E5821A74D882006F10F9 /* SliderWidget.swift */ = {isa = PBXFileReference; fileEncoding = 4; lastKnownFileType = sourcecode.swift; path = SliderWidget.swift; sourceTree = "<group>"; };
		BEF3E5851A74DE28006F10F9 /* night-sky-stars.jpg */ = {isa = PBXFileReference; lastKnownFileType = image.jpeg; path = "night-sky-stars.jpg"; sourceTree = "<group>"; };
		BEF3E5871A74DED2006F10F9 /* 70s-flower.jpg */ = {isa = PBXFileReference; lastKnownFileType = image.jpeg; path = "70s-flower.jpg"; sourceTree = "<group>"; };
		BEF3E5891A74DF45006F10F9 /* metallic.jpg */ = {isa = PBXFileReference; lastKnownFileType = image.jpeg; path = metallic.jpg; sourceTree = "<group>"; };
		BEF3E58B1A74E040006F10F9 /* SegmentedControlWidget.swift */ = {isa = PBXFileReference; fileEncoding = 4; lastKnownFileType = sourcecode.swift; path = SegmentedControlWidget.swift; sourceTree = "<group>"; };
		BEF3E5911A750A31006F10F9 /* bumpMap.jpg */ = {isa = PBXFileReference; lastKnownFileType = image.jpeg; path = bumpMap.jpg; sourceTree = "<group>"; };
/* End PBXFileReference section */

/* Begin PBXFrameworksBuildPhase section */
		BEF3E5521A74C642006F10F9 /* Frameworks */ = {
			isa = PBXFrameworksBuildPhase;
			buildActionMask = 2147483647;
			files = (
				BEF3E57B1A74C6D4006F10F9 /* SceneKit.framework in Frameworks */,
			);
			runOnlyForDeploymentPostprocessing = 0;
		};
		BEF3E5671A74C643006F10F9 /* Frameworks */ = {
			isa = PBXFrameworksBuildPhase;
			buildActionMask = 2147483647;
			files = (
			);
			runOnlyForDeploymentPostprocessing = 0;
		};
/* End PBXFrameworksBuildPhase section */

/* Begin PBXGroup section */
		BEF3E54C1A74C642006F10F9 = {
			isa = PBXGroup;
			children = (
				BEF3E57A1A74C6D4006F10F9 /* SceneKit.framework */,
				BEF3E5571A74C642006F10F9 /* SceneKitExperiment */,
				BEF3E56D1A74C643006F10F9 /* SceneKitExperimentTests */,
				BEF3E5561A74C642006F10F9 /* Products */,
			);
			sourceTree = "<group>";
		};
		BEF3E5561A74C642006F10F9 /* Products */ = {
			isa = PBXGroup;
			children = (
				BEF3E5551A74C642006F10F9 /* SceneKitExperiment.app */,
				BEF3E56A1A74C643006F10F9 /* SceneKitExperimentTests.xctest */,
			);
			name = Products;
			sourceTree = "<group>";
		};
		BEF3E5571A74C642006F10F9 /* SceneKitExperiment */ = {
			isa = PBXGroup;
			children = (
				BEF3E5841A74DDE3006F10F9 /* assets */,
				BEF3E5811A74D874006F10F9 /* controls */,
				BEF3E57E1A74D1FB006F10F9 /* materialPreviewWidget */,
				BEF3E55A1A74C642006F10F9 /* AppDelegate.swift */,
				BEF3E55C1A74C642006F10F9 /* ViewController.swift */,
				BEF3E55E1A74C642006F10F9 /* Main.storyboard */,
				BEF3E5611A74C642006F10F9 /* Images.xcassets */,
				BEF3E5631A74C642006F10F9 /* LaunchScreen.xib */,
				BEF3E5581A74C642006F10F9 /* Supporting Files */,
			);
			path = SceneKitExperiment;
			sourceTree = "<group>";
		};
		BEF3E5581A74C642006F10F9 /* Supporting Files */ = {
			isa = PBXGroup;
			children = (
				BEF3E5591A74C642006F10F9 /* Info.plist */,
			);
			name = "Supporting Files";
			sourceTree = "<group>";
		};
		BEF3E56D1A74C643006F10F9 /* SceneKitExperimentTests */ = {
			isa = PBXGroup;
			children = (
				BEF3E5701A74C643006F10F9 /* SceneKitExperimentTests.swift */,
				BEF3E56E1A74C643006F10F9 /* Supporting Files */,
			);
			path = SceneKitExperimentTests;
			sourceTree = "<group>";
		};
		BEF3E56E1A74C643006F10F9 /* Supporting Files */ = {
			isa = PBXGroup;
			children = (
				BEF3E56F1A74C643006F10F9 /* Info.plist */,
			);
			name = "Supporting Files";
			sourceTree = "<group>";
		};
		BEF3E57E1A74D1FB006F10F9 /* materialPreviewWidget */ = {
			isa = PBXGroup;
			children = (
				BEF3E57F1A74D233006F10F9 /* MaterialPreviewWidget.swift */,
			);
			name = materialPreviewWidget;
			sourceTree = "<group>";
		};
		BEF3E5811A74D874006F10F9 /* controls */ = {
			isa = PBXGroup;
			children = (
				BEF3E5821A74D882006F10F9 /* SliderWidget.swift */,
				BEF3E58B1A74E040006F10F9 /* SegmentedControlWidget.swift */,
			);
			name = controls;
			sourceTree = "<group>";
		};
		BEF3E5841A74DDE3006F10F9 /* assets */ = {
			isa = PBXGroup;
			children = (
				BEF3E5911A750A31006F10F9 /* bumpMap.jpg */,
				BEF3E5891A74DF45006F10F9 /* metallic.jpg */,
				BEF3E5871A74DED2006F10F9 /* 70s-flower.jpg */,
				BEF3E5851A74DE28006F10F9 /* night-sky-stars.jpg */,
				BEF3E57C1A74CBE6006F10F9 /* sunny-landscape.jpg */,
			);
			name = assets;
			sourceTree = "<group>";
		};
/* End PBXGroup section */

/* Begin PBXNativeTarget section */
		BEF3E5541A74C642006F10F9 /* SceneKitExperiment */ = {
			isa = PBXNativeTarget;
			buildConfigurationList = BEF3E5741A74C643006F10F9 /* Build configuration list for PBXNativeTarget "SceneKitExperiment" */;
			buildPhases = (
				BEF3E5511A74C642006F10F9 /* Sources */,
				BEF3E5521A74C642006F10F9 /* Frameworks */,
				BEF3E5531A74C642006F10F9 /* Resources */,
			);
			buildRules = (
			);
			dependencies = (
			);
			name = SceneKitExperiment;
			productName = SceneKitExperiment;
			productReference = BEF3E5551A74C642006F10F9 /* SceneKitExperiment.app */;
			productType = "com.apple.product-type.application";
		};
		BEF3E5691A74C643006F10F9 /* SceneKitExperimentTests */ = {
			isa = PBXNativeTarget;
			buildConfigurationList = BEF3E5771A74C643006F10F9 /* Build configuration list for PBXNativeTarget "SceneKitExperimentTests" */;
			buildPhases = (
				BEF3E5661A74C643006F10F9 /* Sources */,
				BEF3E5671A74C643006F10F9 /* Frameworks */,
				BEF3E5681A74C643006F10F9 /* Resources */,
			);
			buildRules = (
			);
			dependencies = (
				BEF3E56C1A74C643006F10F9 /* PBXTargetDependency */,
			);
			name = SceneKitExperimentTests;
			productName = SceneKitExperimentTests;
			productReference = BEF3E56A1A74C643006F10F9 /* SceneKitExperimentTests.xctest */;
			productType = "com.apple.product-type.bundle.unit-test";
		};
/* End PBXNativeTarget section */

/* Begin PBXProject section */
		BEF3E54D1A74C642006F10F9 /* Project object */ = {
			isa = PBXProject;
			attributes = {
				LastUpgradeCheck = 1010;
				ORGANIZATIONNAME = "Simon Gladman";
				TargetAttributes = {
					BEF3E5541A74C642006F10F9 = {
						CreatedOnToolsVersion = 6.1.1;
						DevelopmentTeam = H44ZSTMC6S;
						LastSwiftMigration = 1010;
					};
					BEF3E5691A74C643006F10F9 = {
						CreatedOnToolsVersion = 6.1.1;
						LastSwiftMigration = 1010;
						TestTargetID = BEF3E5541A74C642006F10F9;
					};
				};
			};
			buildConfigurationList = BEF3E5501A74C642006F10F9 /* Build configuration list for PBXProject "SceneKitExperiment" */;
			compatibilityVersion = "Xcode 3.2";
			developmentRegion = English;
			hasScannedForEncodings = 0;
			knownRegions = (
				en,
				Base,
			);
			mainGroup = BEF3E54C1A74C642006F10F9;
			productRefGroup = BEF3E5561A74C642006F10F9 /* Products */;
			projectDirPath = "";
			projectRoot = "";
			targets = (
				BEF3E5541A74C642006F10F9 /* SceneKitExperiment */,
				BEF3E5691A74C643006F10F9 /* SceneKitExperimentTests */,
			);
		};
/* End PBXProject section */

/* Begin PBXResourcesBuildPhase section */
		BEF3E5531A74C642006F10F9 /* Resources */ = {
			isa = PBXResourcesBuildPhase;
			buildActionMask = 2147483647;
			files = (
				BEF3E5601A74C642006F10F9 /* Main.storyboard in Resources */,
				BEF3E5881A74DED2006F10F9 /* 70s-flower.jpg in Resources */,
				BEF3E58A1A74DF45006F10F9 /* metallic.jpg in Resources */,
				BEF3E5861A74DE28006F10F9 /* night-sky-stars.jpg in Resources */,
				BEF3E5921A750A31006F10F9 /* bumpMap.jpg in Resources */,
				BEF3E5651A74C642006F10F9 /* LaunchScreen.xib in Resources */,
				BEF3E5621A74C642006F10F9 /* Images.xcassets in Resources */,
				BEF3E57D1A74CBE6006F10F9 /* sunny-landscape.jpg in Resources */,
			);
			runOnlyForDeploymentPostprocessing = 0;
		};
		BEF3E5681A74C643006F10F9 /* Resources */ = {
			isa = PBXResourcesBuildPhase;
			buildActionMask = 2147483647;
			files = (
			);
			runOnlyForDeploymentPostprocessing = 0;
		};
/* End PBXResourcesBuildPhase section */

/* Begin PBXSourcesBuildPhase section */
		BEF3E5511A74C642006F10F9 /* Sources */ = {
			isa = PBXSourcesBuildPhase;
			buildActionMask = 2147483647;
			files = (
				BEF3E5831A74D882006F10F9 /* SliderWidget.swift in Sources */,
				BEF3E5801A74D233006F10F9 /* MaterialPreviewWidget.swift in Sources */,
				BEF3E55D1A74C642006F10F9 /* ViewController.swift in Sources */,
				BEF3E58C1A74E040006F10F9 /* SegmentedControlWidget.swift in Sources */,
				BEF3E55B1A74C642006F10F9 /* AppDelegate.swift in Sources */,
			);
			runOnlyForDeploymentPostprocessing = 0;
		};
		BEF3E5661A74C643006F10F9 /* Sources */ = {
			isa = PBXSourcesBuildPhase;
			buildActionMask = 2147483647;
			files = (
				BEF3E5711A74C643006F10F9 /* SceneKitExperimentTests.swift in Sources */,
			);
			runOnlyForDeploymentPostprocessing = 0;
		};
/* End PBXSourcesBuildPhase section */

/* Begin PBXTargetDependency section */
		BEF3E56C1A74C643006F10F9 /* PBXTargetDependency */ = {
			isa = PBXTargetDependency;
			target = BEF3E5541A74C642006F10F9 /* SceneKitExperiment */;
			targetProxy = BEF3E56B1A74C643006F10F9 /* PBXContainerItemProxy */;
		};
/* End PBXTargetDependency section */

/* Begin PBXVariantGroup section */
		BEF3E55E1A74C642006F10F9 /* Main.storyboard */ = {
			isa = PBXVariantGroup;
			children = (
				BEF3E55F1A74C642006F10F9 /* Base */,
			);
			name = Main.storyboard;
			sourceTree = "<group>";
		};
		BEF3E5631A74C642006F10F9 /* LaunchScreen.xib */ = {
			isa = PBXVariantGroup;
			children = (
				BEF3E5641A74C642006F10F9 /* Base */,
			);
			name = LaunchScreen.xib;
			sourceTree = "<group>";
		};
/* End PBXVariantGroup section */

/* Begin XCBuildConfiguration section */
		BEF3E5721A74C643006F10F9 /* Debug */ = {
			isa = XCBuildConfiguration;
			buildSettings = {
				ALWAYS_SEARCH_USER_PATHS = NO;
				CLANG_CXX_LANGUAGE_STANDARD = "gnu++0x";
				CLANG_CXX_LIBRARY = "libc++";
				CLANG_ENABLE_MODULES = YES;
				CLANG_ENABLE_OBJC_ARC = YES;
				CLANG_WARN_BLOCK_CAPTURE_AUTORELEASING = YES;
				CLANG_WARN_BOOL_CONVERSION = YES;
				CLANG_WARN_COMMA = YES;
				CLANG_WARN_CONSTANT_CONVERSION = YES;
				CLANG_WARN_DEPRECATED_OBJC_IMPLEMENTATIONS = YES;
				CLANG_WARN_DIRECT_OBJC_ISA_USAGE = YES_ERROR;
				CLANG_WARN_EMPTY_BODY = YES;
				CLANG_WARN_ENUM_CONVERSION = YES;
				CLANG_WARN_INFINITE_RECURSION = YES;
				CLANG_WARN_INT_CONVERSION = YES;
				CLANG_WARN_NON_LITERAL_NULL_CONVERSION = YES;
				CLANG_WARN_OBJC_IMPLICIT_RETAIN_SELF = YES;
				CLANG_WARN_OBJC_LITERAL_CONVERSION = YES;
				CLANG_WARN_OBJC_ROOT_CLASS = YES_ERROR;
				CLANG_WARN_RANGE_LOOP_ANALYSIS = YES;
				CLANG_WARN_STRICT_PROTOTYPES = YES;
				CLANG_WARN_SUSPICIOUS_MOVE = YES;
				CLANG_WARN_UNREACHABLE_CODE = YES;
				CLANG_WARN__DUPLICATE_METHOD_MATCH = YES;
				"CODE_SIGN_IDENTITY[sdk=iphoneos*]" = "iPhone Developer";
				COPY_PHASE_STRIP = NO;
				ENABLE_STRICT_OBJC_MSGSEND = YES;
				ENABLE_TESTABILITY = YES;
				GCC_C_LANGUAGE_STANDARD = gnu99;
				GCC_DYNAMIC_NO_PIC = NO;
				GCC_NO_COMMON_BLOCKS = YES;
				GCC_OPTIMIZATION_LEVEL = 0;
				GCC_PREPROCESSOR_DEFINITIONS = (
					"DEBUG=1",
					"$(inherited)",
				);
				GCC_SYMBOLS_PRIVATE_EXTERN = NO;
				GCC_WARN_64_TO_32_BIT_CONVERSION = YES;
				GCC_WARN_ABOUT_RETURN_TYPE = YES_ERROR;
				GCC_WARN_UNDECLARED_SELECTOR = YES;
				GCC_WARN_UNINITIALIZED_AUTOS = YES_AGGRESSIVE;
				GCC_WARN_UNUSED_FUNCTION = YES;
				GCC_WARN_UNUSED_VARIABLE = YES;
				IPHONEOS_DEPLOYMENT_TARGET = 8.1;
				MTL_ENABLE_DEBUG_INFO = YES;
				ONLY_ACTIVE_ARCH = YES;
				SDKROOT = iphoneos;
				SWIFT_OPTIMIZATION_LEVEL = "-Onone";
				TARGETED_DEVICE_FAMILY = "1,2";
			};
			name = Debug;
		};
		BEF3E5731A74C643006F10F9 /* Release */ = {
			isa = XCBuildConfiguration;
			buildSettings = {
				ALWAYS_SEARCH_USER_PATHS = NO;
				CLANG_CXX_LANGUAGE_STANDARD = "gnu++0x";
				CLANG_CXX_LIBRARY = "libc++";
				CLANG_ENABLE_MODULES = YES;
				CLANG_ENABLE_OBJC_ARC = YES;
				CLANG_WARN_BLOCK_CAPTURE_AUTORELEASING = YES;
				CLANG_WARN_BOOL_CONVERSION = YES;
				CLANG_WARN_COMMA = YES;
				CLANG_WARN_CONSTANT_CONVERSION = YES;
				CLANG_WARN_DEPRECATED_OBJC_IMPLEMENTATIONS = YES;
				CLANG_WARN_DIRECT_OBJC_ISA_USAGE = YES_ERROR;
				CLANG_WARN_EMPTY_BODY = YES;
				CLANG_WARN_ENUM_CONVERSION = YES;
				CLANG_WARN_INFINITE_RECURSION = YES;
				CLANG_WARN_INT_CONVERSION = YES;
				CLANG_WARN_NON_LITERAL_NULL_CONVERSION = YES;
				CLANG_WARN_OBJC_IMPLICIT_RETAIN_SELF = YES;
				CLANG_WARN_OBJC_LITERAL_CONVERSION = YES;
				CLANG_WARN_OBJC_ROOT_CLASS = YES_ERROR;
				CLANG_WARN_RANGE_LOOP_ANALYSIS = YES;
				CLANG_WARN_STRICT_PROTOTYPES = YES;
				CLANG_WARN_SUSPICIOUS_MOVE = YES;
				CLANG_WARN_UNREACHABLE_CODE = YES;
				CLANG_WARN__DUPLICATE_METHOD_MATCH = YES;
				"CODE_SIGN_IDENTITY[sdk=iphoneos*]" = "iPhone Developer";
				COPY_PHASE_STRIP = YES;
				ENABLE_NS_ASSERTIONS = NO;
				ENABLE_STRICT_OBJC_MSGSEND = YES;
				GCC_C_LANGUAGE_STANDARD = gnu99;
				GCC_NO_COMMON_BLOCKS = YES;
				GCC_WARN_64_TO_32_BIT_CONVERSION = YES;
				GCC_WARN_ABOUT_RETURN_TYPE = YES_ERROR;
				GCC_WARN_UNDECLARED_SELECTOR = YES;
				GCC_WARN_UNINITIALIZED_AUTOS = YES_AGGRESSIVE;
				GCC_WARN_UNUSED_FUNCTION = YES;
				GCC_WARN_UNUSED_VARIABLE = YES;
				IPHONEOS_DEPLOYMENT_TARGET = 8.1;
				MTL_ENABLE_DEBUG_INFO = NO;
				SDKROOT = iphoneos;
				SWIFT_OPTIMIZATION_LEVEL = "-Owholemodule";
				TARGETED_DEVICE_FAMILY = "1,2";
				VALIDATE_PRODUCT = YES;
			};
			name = Release;
		};
		BEF3E5751A74C643006F10F9 /* Debug */ = {
			isa = XCBuildConfiguration;
			buildSettings = {
				ASSETCATALOG_COMPILER_APPICON_NAME = AppIcon;
				DEVELOPMENT_TEAM = H44ZSTMC6S;
				INFOPLIST_FILE = SceneKitExperiment/Info.plist;
				LD_RUNPATH_SEARCH_PATHS = "$(inherited) @executable_path/Frameworks";
				PRODUCT_BUNDLE_IDENTIFIER = "uk.co.flexmonkey.SceneKitExperiment-x";
				PRODUCT_NAME = "$(TARGET_NAME)";
				SWIFT_SWIFT3_OBJC_INFERENCE = On;
				SWIFT_VERSION = 4.2;
				TARGETED_DEVICE_FAMILY = 2;
			};
			name = Debug;
		};
		BEF3E5761A74C643006F10F9 /* Release */ = {
			isa = XCBuildConfiguration;
			buildSettings = {
				ASSETCATALOG_COMPILER_APPICON_NAME = AppIcon;
				DEVELOPMENT_TEAM = H44ZSTMC6S;
				INFOPLIST_FILE = SceneKitExperiment/Info.plist;
				LD_RUNPATH_SEARCH_PATHS = "$(inherited) @executable_path/Frameworks";
				PRODUCT_BUNDLE_IDENTIFIER = "uk.co.flexmonkey.SceneKitExperiment-x";
				PRODUCT_NAME = "$(TARGET_NAME)";
				SWIFT_SWIFT3_OBJC_INFERENCE = On;
				SWIFT_VERSION = 4.2;
				TARGETED_DEVICE_FAMILY = 2;
			};
			name = Release;
		};
		BEF3E5781A74C643006F10F9 /* Debug */ = {
			isa = XCBuildConfiguration;
			buildSettings = {
				BUNDLE_LOADER = "$(TEST_HOST)";
				FRAMEWORK_SEARCH_PATHS = (
					"$(SDKROOT)/Developer/Library/Frameworks",
					"$(inherited)",
				);
				GCC_PREPROCESSOR_DEFINITIONS = (
					"DEBUG=1",
					"$(inherited)",
				);
				INFOPLIST_FILE = SceneKitExperimentTests/Info.plist;
				LD_RUNPATH_SEARCH_PATHS = "$(inherited) @executable_path/Frameworks @loader_path/Frameworks";
				PRODUCT_BUNDLE_IDENTIFIER = "uk.co.flexmonkey.$(PRODUCT_NAME:rfc1034identifier)";
				PRODUCT_NAME = "$(TARGET_NAME)";
				SWIFT_SWIFT3_OBJC_INFERENCE = On;
				SWIFT_VERSION = 4.2;
				TEST_HOST = "$(BUILT_PRODUCTS_DIR)/SceneKitExperiment.app/SceneKitExperiment";
			};
			name = Debug;
		};
		BEF3E5791A74C643006F10F9 /* Release */ = {
			isa = XCBuildConfiguration;
			buildSettings = {
				BUNDLE_LOADER = "$(TEST_HOST)";
				FRAMEWORK_SEARCH_PATHS = (
					"$(SDKROOT)/Developer/Library/Frameworks",
					"$(inherited)",
				);
				INFOPLIST_FILE = SceneKitExperimentTests/Info.plist;
				LD_RUNPATH_SEARCH_PATHS = "$(inherited) @executable_path/Frameworks @loader_path/Frameworks";
				PRODUCT_BUNDLE_IDENTIFIER = "uk.co.flexmonkey.$(PRODUCT_NAME:rfc1034identifier)";
				PRODUCT_NAME = "$(TARGET_NAME)";
				SWIFT_SWIFT3_OBJC_INFERENCE = On;
				SWIFT_VERSION = 4.2;
				TEST_HOST = "$(BUILT_PRODUCTS_DIR)/SceneKitExperiment.app/SceneKitExperiment";
			};
			name = Release;
		};
/* End XCBuildConfiguration section */

/* Begin XCConfigurationList section */
		BEF3E5501A74C642006F10F9 /* Build configuration list for PBXProject "SceneKitExperiment" */ = {
			isa = XCConfigurationList;
			buildConfigurations = (
				BEF3E5721A74C643006F10F9 /* Debug */,
				BEF3E5731A74C643006F10F9 /* Release */,
			);
			defaultConfigurationIsVisible = 0;
			defaultConfigurationName = Release;
		};
		BEF3E5741A74C643006F10F9 /* Build configuration list for PBXNativeTarget "SceneKitExperiment" */ = {
			isa = XCConfigurationList;
			buildConfigurations = (
				BEF3E5751A74C643006F10F9 /* Debug */,
				BEF3E5761A74C643006F10F9 /* Release */,
			);
			defaultConfigurationIsVisible = 0;
			defaultConfigurationName = Release;
		};
		BEF3E5771A74C643006F10F9 /* Build configuration list for PBXNativeTarget "SceneKitExperimentTests" */ = {
			isa = XCConfigurationList;
			buildConfigurations = (
				BEF3E5781A74C643006F10F9 /* Debug */,
				BEF3E5791A74C643006F10F9 /* Release */,
			);
			defaultConfigurationIsVisible = 0;
			defaultConfigurationName = Release;
		};
/* End XCConfigurationList section */
	};
	rootObject = BEF3E54D1A74C642006F10F9 /* Project object */;
}
